
Microsoft Visual Studio Solution File, Format Version 12.00
# Visual Studio Version 16
VisualStudioVersion = 16.0.31515.178
MinimumVisualStudioVersion = 10.0.40219.1
Project("{FAE04EC0-301F-11D3-BF4B-00C04F79EFBC}") = "Sale.UWP", "Sale\Sale.UWP\Sale.UWP.csproj", "{C20EA288-31DB-4ECD-B3F8-0385DFA19EC2}"
EndProject
Project("{FAE04EC0-301F-11D3-BF4B-00C04F79EFBC}") = "Sale.Android", "Sale\Sale.Android\Sale.Android.csproj", "{0EE6ED59-C3A9-4F3C-9346-CC05087D353F}"
EndProject
Project("{FAE04EC0-301F-11D3-BF4B-00C04F79EFBC}") = "Sale.iOS", "Sale\Sale.iOS\Sale.iOS.csproj", "{3AD4C9EB-335F-4C36-BFCB-6365B238B6D3}"
EndProject
Project("{9A19103F-16F7-4668-BE54-9A1E7A4F7556}") = "Sale", "Sale\Sale\Sale.csproj", "{B1EB5AE3-F076-41F3-BD85-65722FDED975}"
EndProject
Project("{FAE04EC0-301F-11D3-BF4B-00C04F79EFBC}") = "Sale.Domain", "Sale.Domain\Sale.Domain.csproj", "{34B62012-187A-4386-BCE2-2002ABC74F9F}"
EndProject
Project("{FAE04EC0-301F-11D3-BF4B-00C04F79EFBC}") = "Sale.Common", "Sale.Common\Sale.Common.csproj", "{C9415299-49C4-4283-8F1D-F0F8F0DAEC77}"
EndProject
Project("{FAE04EC0-301F-11D3-BF4B-00C04F79EFBC}") = "Sale.API", "Sale.API\Sale.API.csproj", "{0D866D87-FA06-4CF1-81BD-C35D6D021509}"
EndProject
Project("{FAE04EC0-301F-11D3-BF4B-00C04F79EFBC}") = "Sale.Backend", "Sale.Backend\Sale.Backend.csproj", "{E51C25B7-6E92-46BC-B74E-99A902D68531}"
EndProject
Global
	GlobalSection(SolutionConfigurationPlatforms) = preSolution
		Debug|Any CPU = Debug|Any CPU
		Debug|ARM = Debug|ARM
		Debug|iPhone = Debug|iPhone
		Debug|iPhoneSimulator = Debug|iPhoneSimulator
		Debug|x64 = Debug|x64
		Debug|x86 = Debug|x86
		Release|Any CPU = Release|Any CPU
		Release|ARM = Release|ARM
		Release|iPhone = Release|iPhone
		Release|iPhoneSimulator = Release|iPhoneSimulator
		Release|x64 = Release|x64
		Release|x86 = Release|x86
	EndGlobalSection
	GlobalSection(ProjectConfigurationPlatforms) = postSolution
		{C20EA288-31DB-4ECD-B3F8-0385DFA19EC2}.Debug|Any CPU.ActiveCfg = Debug|x86
		{C20EA288-31DB-4ECD-B3F8-0385DFA19EC2}.Debug|Any CPU.Build.0 = Debug|x86
		{C20EA288-31DB-4ECD-B3F8-0385DFA19EC2}.Debug|Any CPU.Deploy.0 = Debug|x86
		{C20EA288-31DB-4ECD-B3F8-0385DFA19EC2}.Debug|ARM.ActiveCfg = Debug|ARM
		{C20EA288-31DB-4ECD-B3F8-0385DFA19EC2}.Debug|ARM.Build.0 = Debug|ARM
		{C20EA288-31DB-4ECD-B3F8-0385DFA19EC2}.Debug|ARM.Deploy.0 = Debug|ARM
		{C20EA288-31DB-4ECD-B3F8-0385DFA19EC2}.Debug|iPhone.ActiveCfg = Debug|x86
		{C20EA288-31DB-4ECD-B3F8-0385DFA19EC2}.Debug|iPhone.Build.0 = Debug|x86
		{C20EA288-31DB-4ECD-B3F8-0385DFA19EC2}.Debug|iPhone.Deploy.0 = Debug|x86
		{C20EA288-31DB-4ECD-B3F8-0385DFA19EC2}.Debug|iPhoneSimulator.ActiveCfg = Debug|x86
		{C20EA288-31DB-4ECD-B3F8-0385DFA19EC2}.Debug|iPhoneSimulator.Build.0 = Debug|x86
		{C20EA288-31DB-4ECD-B3F8-0385DFA19EC2}.Debug|iPhoneSimulator.Deploy.0 = Debug|x86
		{C20EA288-31DB-4ECD-B3F8-0385DFA19EC2}.Debug|x64.ActiveCfg = Debug|x64
		{C20EA288-31DB-4ECD-B3F8-0385DFA19EC2}.Debug|x64.Build.0 = Debug|x64
		{C20EA288-31DB-4ECD-B3F8-0385DFA19EC2}.Debug|x64.Deploy.0 = Debug|x64
		{C20EA288-31DB-4ECD-B3F8-0385DFA19EC2}.Debug|x86.ActiveCfg = Debug|x86
		{C20EA288-31DB-4ECD-B3F8-0385DFA19EC2}.Debug|x86.Build.0 = Debug|x86
		{C20EA288-31DB-4ECD-B3F8-0385DFA19EC2}.Debug|x86.Deploy.0 = Debug|x86
		{C20EA288-31DB-4ECD-B3F8-0385DFA19EC2}.Release|Any CPU.ActiveCfg = Release|x86
		{C20EA288-31DB-4ECD-B3F8-0385DFA19EC2}.Release|Any CPU.Build.0 = Release|x86
		{C20EA288-31DB-4ECD-B3F8-0385DFA19EC2}.Release|Any CPU.Deploy.0 = Release|x86
		{C20EA288-31DB-4ECD-B3F8-0385DFA19EC2}.Release|ARM.ActiveCfg = Release|ARM
		{C20EA288-31DB-4ECD-B3F8-0385DFA19EC2}.Release|ARM.Build.0 = Release|ARM
		{C20EA288-31DB-4ECD-B3F8-0385DFA19EC2}.Release|ARM.Deploy.0 = Release|ARM
		{C20EA288-31DB-4ECD-B3F8-0385DFA19EC2}.Release|iPhone.ActiveCfg = Release|x86
		{C20EA288-31DB-4ECD-B3F8-0385DFA19EC2}.Release|iPhone.Build.0 = Release|x86
		{C20EA288-31DB-4ECD-B3F8-0385DFA19EC2}.Release|iPhone.Deploy.0 = Release|x86
		{C20EA288-31DB-4ECD-B3F8-0385DFA19EC2}.Release|iPhoneSimulator.ActiveCfg = Release|x86
		{C20EA288-31DB-4ECD-B3F8-0385DFA19EC2}.Release|iPhoneSimulator.Build.0 = Release|x86
		{C20EA288-31DB-4ECD-B3F8-0385DFA19EC2}.Release|iPhoneSimulator.Deploy.0 = Release|x86
		{C20EA288-31DB-4ECD-B3F8-0385DFA19EC2}.Release|x64.ActiveCfg = Release|x64
		{C20EA288-31DB-4ECD-B3F8-0385DFA19EC2}.Release|x64.Build.0 = Release|x64
		{C20EA288-31DB-4ECD-B3F8-0385DFA19EC2}.Release|x64.Deploy.0 = Release|x64
		{C20EA288-31DB-4ECD-B3F8-0385DFA19EC2}.Release|x86.ActiveCfg = Release|x86
		{C20EA288-31DB-4ECD-B3F8-0385DFA19EC2}.Release|x86.Build.0 = Release|x86
		{C20EA288-31DB-4ECD-B3F8-0385DFA19EC2}.Release|x86.Deploy.0 = Release|x86
		{0EE6ED59-C3A9-4F3C-9346-CC05087D353F}.Debug|Any CPU.ActiveCfg = Debug|Any CPU
		{0EE6ED59-C3A9-4F3C-9346-CC05087D353F}.Debug|Any CPU.Build.0 = Debug|Any CPU
		{0EE6ED59-C3A9-4F3C-9346-CC05087D353F}.Debug|Any CPU.Deploy.0 = Debug|Any CPU
		{0EE6ED59-C3A9-4F3C-9346-CC05087D353F}.Debug|ARM.ActiveCfg = Debug|Any CPU
		{0EE6ED59-C3A9-4F3C-9346-CC05087D353F}.Debug|ARM.Build.0 = Debug|Any CPU
		{0EE6ED59-C3A9-4F3C-9346-CC05087D353F}.Debug|ARM.Deploy.0 = Debug|Any CPU
		{0EE6ED59-C3A9-4F3C-9346-CC05087D353F}.Debug|iPhone.ActiveCfg = Debug|Any CPU
		{0EE6ED59-C3A9-4F3C-9346-CC05087D353F}.Debug|iPhone.Build.0 = Debug|Any CPU
		{0EE6ED59-C3A9-4F3C-9346-CC05087D353F}.Debug|iPhone.Deploy.0 = Debug|Any CPU
		{0EE6ED59-C3A9-4F3C-9346-CC05087D353F}.Debug|iPhoneSimulator.ActiveCfg = Debug|Any CPU
		{0EE6ED59-C3A9-4F3C-9346-CC05087D353F}.Debug|iPhoneSimulator.Build.0 = Debug|Any CPU
		{0EE6ED59-C3A9-4F3C-9346-CC05087D353F}.Debug|iPhoneSimulator.Deploy.0 = Debug|Any CPU
		{0EE6ED59-C3A9-4F3C-9346-CC05087D353F}.Debug|x64.ActiveCfg = Debug|Any CPU
		{0EE6ED59-C3A9-4F3C-9346-CC05087D353F}.Debug|x64.Build.0 = Debug|Any CPU
		{0EE6ED59-C3A9-4F3C-9346-CC05087D353F}.Debug|x64.Deploy.0 = Debug|Any CPU
		{0EE6ED59-C3A9-4F3C-9346-CC05087D353F}.Debug|x86.ActiveCfg = Debug|Any CPU
		{0EE6ED59-C3A9-4F3C-9346-CC05087D353F}.Debug|x86.Build.0 = Debug|Any CPU
		{0EE6ED59-C3A9-4F3C-9346-CC05087D353F}.Debug|x86.Deploy.0 = Debug|Any CPU
		{0EE6ED59-C3A9-4F3C-9346-CC05087D353F}.Release|Any CPU.ActiveCfg = Release|Any CPU
		{0EE6ED59-C3A9-4F3C-9346-CC05087D353F}.Release|Any CPU.Build.0 = Release|Any CPU
		{0EE6ED59-C3A9-4F3C-9346-CC05087D353F}.Release|Any CPU.Deploy.0 = Release|Any CPU
		{0EE6ED59-C3A9-4F3C-9346-CC05087D353F}.Release|ARM.ActiveCfg = Release|Any CPU
		{0EE6ED59-C3A9-4F3C-9346-CC05087D353F}.Release|ARM.Build.0 = Release|Any CPU
		{0EE6ED59-C3A9-4F3C-9346-CC05087D353F}.Release|ARM.Deploy.0 = Release|Any CPU
		{0EE6ED59-C3A9-4F3C-9346-CC05087D353F}.Release|iPhone.ActiveCfg = Release|Any CPU
		{0EE6ED59-C3A9-4F3C-9346-CC05087D353F}.Release|iPhone.Build.0 = Release|Any CPU
		{0EE6ED59-C3A9-4F3C-9346-CC05087D353F}.Release|iPhone.Deploy.0 = Release|Any CPU
		{0EE6ED59-C3A9-4F3C-9346-CC05087D353F}.Release|iPhoneSimulator.ActiveCfg = Release|Any CPU
		{0EE6ED59-C3A9-4F3C-9346-CC05087D353F}.Release|iPhoneSimulator.Build.0 = Release|Any CPU
		{0EE6ED59-C3A9-4F3C-9346-CC05087D353F}.Release|iPhoneSimulator.Deploy.0 = Release|Any CPU
		{0EE6ED59-C3A9-4F3C-9346-CC05087D353F}.Release|x64.ActiveCfg = Release|Any CPU
		{0EE6ED59-C3A9-4F3C-9346-CC05087D353F}.Release|x64.Build.0 = Release|Any CPU
		{0EE6ED59-C3A9-4F3C-9346-CC05087D353F}.Release|x64.Deploy.0 = Release|Any CPU
		{0EE6ED59-C3A9-4F3C-9346-CC05087D353F}.Release|x86.ActiveCfg = Release|Any CPU
		{0EE6ED59-C3A9-4F3C-9346-CC05087D353F}.Release|x86.Build.0 = Release|Any CPU
		{0EE6ED59-C3A9-4F3C-9346-CC05087D353F}.Release|x86.Deploy.0 = Release|Any CPU
		{3AD4C9EB-335F-4C36-BFCB-6365B238B6D3}.Debug|Any CPU.ActiveCfg = Debug|iPhoneSimulator
		{3AD4C9EB-335F-4C36-BFCB-6365B238B6D3}.Debug|Any CPU.Build.0 = Debug|iPhoneSimulator
		{3AD4C9EB-335F-4C36-BFCB-6365B238B6D3}.Debug|Any CPU.Deploy.0 = Debug|iPhoneSimulator
		{3AD4C9EB-335F-4C36-BFCB-6365B238B6D3}.Debug|ARM.ActiveCfg = Debug|iPhone
		{3AD4C9EB-335F-4C36-BFCB-6365B238B6D3}.Debug|ARM.Build.0 = Debug|iPhone
		{3AD4C9EB-335F-4C36-BFCB-6365B238B6D3}.Debug|ARM.Deploy.0 = Debug|iPhone
		{3AD4C9EB-335F-4C36-BFCB-6365B238B6D3}.Debug|iPhone.ActiveCfg = Debug|iPhone
		{3AD4C9EB-335F-4C36-BFCB-6365B238B6D3}.Debug|iPhone.Build.0 = Debug|iPhone
		{3AD4C9EB-335F-4C36-BFCB-6365B238B6D3}.Debug|iPhone.Deploy.0 = Debug|iPhone
		{3AD4C9EB-335F-4C36-BFCB-6365B238B6D3}.Debug|iPhoneSimulator.ActiveCfg = Debug|iPhoneSimulator
		{3AD4C9EB-335F-4C36-BFCB-6365B238B6D3}.Debug|iPhoneSimulator.Build.0 = Debug|iPhoneSimulator
		{3AD4C9EB-335F-4C36-BFCB-6365B238B6D3}.Debug|iPhoneSimulator.Deploy.0 = Debug|iPhoneSimulator
		{3AD4C9EB-335F-4C36-BFCB-6365B238B6D3}.Debug|x64.ActiveCfg = Debug|iPhoneSimulator
		{3AD4C9EB-335F-4C36-BFCB-6365B238B6D3}.Debug|x64.Build.0 = Debug|iPhoneSimulator
		{3AD4C9EB-335F-4C36-BFCB-6365B238B6D3}.Debug|x64.Deploy.0 = Debug|iPhoneSimulator
		{3AD4C9EB-335F-4C36-BFCB-6365B238B6D3}.Debug|x86.ActiveCfg = Debug|iPhoneSimulator
		{3AD4C9EB-335F-4C36-BFCB-6365B238B6D3}.Debug|x86.Build.0 = Debug|iPhoneSimulator
		{3AD4C9EB-335F-4C36-BFCB-6365B238B6D3}.Debug|x86.Deploy.0 = Debug|iPhoneSimulator
		{3AD4C9EB-335F-4C36-BFCB-6365B238B6D3}.Release|Any CPU.ActiveCfg = Release|iPhoneSimulator
		{3AD4C9EB-335F-4C36-BFCB-6365B238B6D3}.Release|Any CPU.Build.0 = Release|iPhoneSimulator
		{3AD4C9EB-335F-4C36-BFCB-6365B238B6D3}.Release|Any CPU.Deploy.0 = Release|iPhoneSimulator
		{3AD4C9EB-335F-4C36-BFCB-6365B238B6D3}.Release|ARM.ActiveCfg = Release|iPhoneSimulator
		{3AD4C9EB-335F-4C36-BFCB-6365B238B6D3}.Release|ARM.Build.0 = Release|iPhoneSimulator
		{3AD4C9EB-335F-4C36-BFCB-6365B238B6D3}.Release|ARM.Deploy.0 = Release|iPhoneSimulator
		{3AD4C9EB-335F-4C36-BFCB-6365B238B6D3}.Release|iPhone.ActiveCfg = Release|iPhone
		{3AD4C9EB-335F-4C36-BFCB-6365B238B6D3}.Release|iPhone.Build.0 = Release|iPhone
		{3AD4C9EB-335F-4C36-BFCB-6365B238B6D3}.Release|iPhone.Deploy.0 = Release|iPhone
		{3AD4C9EB-335F-4C36-BFCB-6365B238B6D3}.Release|iPhoneSimulator.ActiveCfg = Release|iPhoneSimulator
		{3AD4C9EB-335F-4C36-BFCB-6365B238B6D3}.Release|iPhoneSimulator.Build.0 = Release|iPhoneSimulator
		{3AD4C9EB-335F-4C36-BFCB-6365B238B6D3}.Release|iPhoneSimulator.Deploy.0 = Release|iPhoneSimulator
		{3AD4C9EB-335F-4C36-BFCB-6365B238B6D3}.Release|x64.ActiveCfg = Release|iPhoneSimulator
		{3AD4C9EB-335F-4C36-BFCB-6365B238B6D3}.Release|x64.Build.0 = Release|iPhoneSimulator
		{3AD4C9EB-335F-4C36-BFCB-6365B238B6D3}.Release|x64.Deploy.0 = Release|iPhoneSimulator
		{3AD4C9EB-335F-4C36-BFCB-6365B238B6D3}.Release|x86.ActiveCfg = Release|iPhoneSimulator
		{3AD4C9EB-335F-4C36-BFCB-6365B238B6D3}.Release|x86.Build.0 = Release|iPhoneSimulator
		{3AD4C9EB-335F-4C36-BFCB-6365B238B6D3}.Release|x86.Deploy.0 = Release|iPhoneSimulator
		{B1EB5AE3-F076-41F3-BD85-65722FDED975}.Debug|Any CPU.ActiveCfg = Debug|Any CPU
		{B1EB5AE3-F076-41F3-BD85-65722FDED975}.Debug|Any CPU.Build.0 = Debug|Any CPU
		{B1EB5AE3-F076-41F3-BD85-65722FDED975}.Debug|Any CPU.Deploy.0 = Debug|Any CPU
		{B1EB5AE3-F076-41F3-BD85-65722FDED975}.Debug|ARM.ActiveCfg = Debug|Any CPU
		{B1EB5AE3-F076-41F3-BD85-65722FDED975}.Debug|ARM.Build.0 = Debug|Any CPU
		{B1EB5AE3-F076-41F3-BD85-65722FDED975}.Debug|ARM.Deploy.0 = Debug|Any CPU
		{B1EB5AE3-F076-41F3-BD85-65722FDED975}.Debug|iPhone.ActiveCfg = Debug|Any CPU
		{B1EB5AE3-F076-41F3-BD85-65722FDED975}.Debug|iPhone.Build.0 = Debug|Any CPU
		{B1EB5AE3-F076-41F3-BD85-65722FDED975}.Debug|iPhone.Deploy.0 = Debug|Any CPU
		{B1EB5AE3-F076-41F3-BD85-65722FDED975}.Debug|iPhoneSimulator.ActiveCfg = Debug|Any CPU
		{B1EB5AE3-F076-41F3-BD85-65722FDED975}.Debug|iPhoneSimulator.Build.0 = Debug|Any CPU
		{B1EB5AE3-F076-41F3-BD85-65722FDED975}.Debug|iPhoneSimulator.Deploy.0 = Debug|Any CPU
		{B1EB5AE3-F076-41F3-BD85-65722FDED975}.Debug|x64.ActiveCfg = Debug|Any CPU
		{B1EB5AE3-F076-41F3-BD85-65722FDED975}.Debug|x64.Build.0 = Debug|Any CPU
		{B1EB5AE3-F076-41F3-BD85-65722FDED975}.Debug|x64.Deploy.0 = Debug|Any CPU
		{B1EB5AE3-F076-41F3-BD85-65722FDED975}.Debug|x86.ActiveCfg = Debug|Any CPU
		{B1EB5AE3-F076-41F3-BD85-65722FDED975}.Debug|x86.Build.0 = Debug|Any CPU
		{B1EB5AE3-F076-41F3-BD85-65722FDED975}.Debug|x86.Deploy.0 = Debug|Any CPU
		{B1EB5AE3-F076-41F3-BD85-65722FDED975}.Release|Any CPU.ActiveCfg = Release|Any CPU
		{B1EB5AE3-F076-41F3-BD85-65722FDED975}.Release|Any CPU.Build.0 = Release|Any CPU
		{B1EB5AE3-F076-41F3-BD85-65722FDED975}.Release|Any CPU.Deploy.0 = Release|Any CPU
		{B1EB5AE3-F076-41F3-BD85-65722FDED975}.Release|ARM.ActiveCfg = Release|Any CPU
		{B1EB5AE3-F076-41F3-BD85-65722FDED975}.Release|ARM.Build.0 = Release|Any CPU
		{B1EB5AE3-F076-41F3-BD85-65722FDED975}.Release|ARM.Deploy.0 = Release|Any CPU
		{B1EB5AE3-F076-41F3-BD85-65722FDED975}.Release|iPhone.ActiveCfg = Release|Any CPU
		{B1EB5AE3-F076-41F3-BD85-65722FDED975}.Release|iPhone.Build.0 = Release|Any CPU
		{B1EB5AE3-F076-41F3-BD85-65722FDED975}.Release|iPhone.Deploy.0 = Release|Any CPU
		{B1EB5AE3-F076-41F3-BD85-65722FDED975}.Release|iPhoneSimulator.ActiveCfg = Release|Any CPU
		{B1EB5AE3-F076-41F3-BD85-65722FDED975}.Release|iPhoneSimulator.Build.0 = Release|Any CPU
		{B1EB5AE3-F076-41F3-BD85-65722FDED975}.Release|iPhoneSimulator.Deploy.0 = Release|Any CPU
		{B1EB5AE3-F076-41F3-BD85-65722FDED975}.Release|x64.ActiveCfg = Release|Any CPU
		{B1EB5AE3-F076-41F3-BD85-65722FDED975}.Release|x64.Build.0 = Release|Any CPU
		{B1EB5AE3-F076-41F3-BD85-65722FDED975}.Release|x64.Deploy.0 = Release|Any CPU
		{B1EB5AE3-F076-41F3-BD85-65722FDED975}.Release|x86.ActiveCfg = Release|Any CPU
		{B1EB5AE3-F076-41F3-BD85-65722FDED975}.Release|x86.Build.0 = Release|Any CPU
		{B1EB5AE3-F076-41F3-BD85-65722FDED975}.Release|x86.Deploy.0 = Release|Any CPU
		{34B62012-187A-4386-BCE2-2002ABC74F9F}.Debug|Any CPU.ActiveCfg = Debug|Any CPU
		{34B62012-187A-4386-BCE2-2002ABC74F9F}.Debug|Any CPU.Build.0 = Debug|Any CPU
		{34B62012-187A-4386-BCE2-2002ABC74F9F}.Debug|ARM.ActiveCfg = Debug|Any CPU
		{34B62012-187A-4386-BCE2-2002ABC74F9F}.Debug|ARM.Build.0 = Debug|Any CPU
		{34B62012-187A-4386-BCE2-2002ABC74F9F}.Debug|iPhone.ActiveCfg = Debug|Any CPU
		{34B62012-187A-4386-BCE2-2002ABC74F9F}.Debug|iPhone.Build.0 = Debug|Any CPU
		{34B62012-187A-4386-BCE2-2002ABC74F9F}.Debug|iPhoneSimulator.ActiveCfg = Debug|Any CPU
		{34B62012-187A-4386-BCE2-2002ABC74F9F}.Debug|iPhoneSimulator.Build.0 = Debug|Any CPU
		{34B62012-187A-4386-BCE2-2002ABC74F9F}.Debug|x64.ActiveCfg = Debug|Any CPU
		{34B62012-187A-4386-BCE2-2002ABC74F9F}.Debug|x64.Build.0 = Debug|Any CPU
		{34B62012-187A-4386-BCE2-2002ABC74F9F}.Debug|x86.ActiveCfg = Debug|Any CPU
		{34B62012-187A-4386-BCE2-2002ABC74F9F}.Debug|x86.Build.0 = Debug|Any CPU
		{34B62012-187A-4386-BCE2-2002ABC74F9F}.Release|Any CPU.ActiveCfg = Release|Any CPU
		{34B62012-187A-4386-BCE2-2002ABC74F9F}.Release|Any CPU.Build.0 = Release|Any CPU
		{34B62012-187A-4386-BCE2-2002ABC74F9F}.Release|ARM.ActiveCfg = Release|Any CPU
		{34B62012-187A-4386-BCE2-2002ABC74F9F}.Release|ARM.Build.0 = Release|Any CPU
		{34B62012-187A-4386-BCE2-2002ABC74F9F}.Release|iPhone.ActiveCfg = Release|Any CPU
		{34B62012-187A-4386-BCE2-2002ABC74F9F}.Release|iPhone.Build.0 = Release|Any CPU
		{34B62012-187A-4386-BCE2-2002ABC74F9F}.Release|iPhoneSimulator.ActiveCfg = Release|Any CPU
		{34B62012-187A-4386-BCE2-2002ABC74F9F}.Release|iPhoneSimulator.Build.0 = Release|Any CPU
		{34B62012-187A-4386-BCE2-2002ABC74F9F}.Release|x64.ActiveCfg = Release|Any CPU
		{34B62012-187A-4386-BCE2-2002ABC74F9F}.Release|x64.Build.0 = Release|Any CPU
		{34B62012-187A-4386-BCE2-2002ABC74F9F}.Release|x86.ActiveCfg = Release|Any CPU
		{34B62012-187A-4386-BCE2-2002ABC74F9F}.Release|x86.Build.0 = Release|Any CPU
		{C9415299-49C4-4283-8F1D-F0F8F0DAEC77}.Debug|Any CPU.ActiveCfg = Debug|Any CPU
		{C9415299-49C4-4283-8F1D-F0F8F0DAEC77}.Debug|Any CPU.Build.0 = Debug|Any CPU
		{C9415299-49C4-4283-8F1D-F0F8F0DAEC77}.Debug|ARM.ActiveCfg = Debug|Any CPU
		{C9415299-49C4-4283-8F1D-F0F8F0DAEC77}.Debug|ARM.Build.0 = Debug|Any CPU
		{C9415299-49C4-4283-8F1D-F0F8F0DAEC77}.Debug|iPhone.ActiveCfg = Debug|Any CPU
		{C9415299-49C4-4283-8F1D-F0F8F0DAEC77}.Debug|iPhone.Build.0 = Debug|Any CPU
		{C9415299-49C4-4283-8F1D-F0F8F0DAEC77}.Debug|iPhoneSimulator.ActiveCfg = Debug|Any CPU
		{C9415299-49C4-4283-8F1D-F0F8F0DAEC77}.Debug|iPhoneSimulator.Build.0 = Debug|Any CPU
		{C9415299-49C4-4283-8F1D-F0F8F0DAEC77}.Debug|x64.ActiveCfg = Debug|Any CPU
		{C9415299-49C4-4283-8F1D-F0F8F0DAEC77}.Debug|x64.Build.0 = Debug|Any CPU
		{C9415299-49C4-4283-8F1D-F0F8F0DAEC77}.Debug|x86.ActiveCfg = Debug|Any CPU
		{C9415299-49C4-4283-8F1D-F0F8F0DAEC77}.Debug|x86.Build.0 = Debug|Any CPU
		{C9415299-49C4-4283-8F1D-F0F8F0DAEC77}.Release|Any CPU.ActiveCfg = Release|Any CPU
		{C9415299-49C4-4283-8F1D-F0F8F0DAEC77}.Release|Any CPU.Build.0 = Release|Any CPU
		{C9415299-49C4-4283-8F1D-F0F8F0DAEC77}.Release|ARM.ActiveCfg = Release|Any CPU
		{C9415299-49C4-4283-8F1D-F0F8F0DAEC77}.Release|ARM.Build.0 = Release|Any CPU
		{C9415299-49C4-4283-8F1D-F0F8F0DAEC77}.Release|iPhone.ActiveCfg = Release|Any CPU
		{C9415299-49C4-4283-8F1D-F0F8F0DAEC77}.Release|iPhone.Build.0 = Release|Any CPU
		{C9415299-49C4-4283-8F1D-F0F8F0DAEC77}.Release|iPhoneSimulator.ActiveCfg = Release|Any CPU
		{C9415299-49C4-4283-8F1D-F0F8F0DAEC77}.Release|iPhoneSimulator.Build.0 = Release|Any CPU
		{C9415299-49C4-4283-8F1D-F0F8F0DAEC77}.Release|x64.ActiveCfg = Release|Any CPU
		{C9415299-49C4-4283-8F1D-F0F8F0DAEC77}.Release|x64.Build.0 = Release|Any CPU
		{C9415299-49C4-4283-8F1D-F0F8F0DAEC77}.Release|x86.ActiveCfg = Release|Any CPU
		{C9415299-49C4-4283-8F1D-F0F8F0DAEC77}.Release|x86.Build.0 = Release|Any CPU
		{0D866D87-FA06-4CF1-81BD-C35D6D021509}.Debug|Any CPU.ActiveCfg = Debug|Any CPU
		{0D866D87-FA06-4CF1-81BD-C35D6D021509}.Debug|Any CPU.Build.0 = Debug|Any CPU
		{0D866D87-FA06-4CF1-81BD-C35D6D021509}.Debug|ARM.ActiveCfg = Debug|Any CPU
		{0D866D87-FA06-4CF1-81BD-C35D6D021509}.Debug|ARM.Build.0 = Debug|Any CPU
		{0D866D87-FA06-4CF1-81BD-C35D6D021509}.Debug|iPhone.ActiveCfg = Debug|Any CPU
		{0D866D87-FA06-4CF1-81BD-C35D6D021509}.Debug|iPhone.Build.0 = Debug|Any CPU
		{0D866D87-FA06-4CF1-81BD-C35D6D021509}.Debug|iPhoneSimulator.ActiveCfg = Debug|Any CPU
		{0D866D87-FA06-4CF1-81BD-C35D6D021509}.Debug|iPhoneSimulator.Build.0 = Debug|Any CPU
		{0D866D87-FA06-4CF1-81BD-C35D6D021509}.Debug|x64.ActiveCfg = Debug|Any CPU
		{0D866D87-FA06-4CF1-81BD-C35D6D021509}.Debug|x64.Build.0 = Debug|Any CPU
		{0D866D87-FA06-4CF1-81BD-C35D6D021509}.Debug|x86.ActiveCfg = Debug|Any CPU
		{0D866D87-FA06-4CF1-81BD-C35D6D021509}.Debug|x86.Build.0 = Debug|Any CPU
		{0D866D87-FA06-4CF1-81BD-C35D6D021509}.Release|Any CPU.ActiveCfg = Release|Any CPU
		{0D866D87-FA06-4CF1-81BD-C35D6D021509}.Release|Any CPU.Build.0 = Release|Any CPU
		{0D866D87-FA06-4CF1-81BD-C35D6D021509}.Release|ARM.ActiveCfg = Release|Any CPU
		{0D866D87-FA06-4CF1-81BD-C35D6D021509}.Release|ARM.Build.0 = Release|Any CPU
		{0D866D87-FA06-4CF1-81BD-C35D6D021509}.Release|iPhone.ActiveCfg = Release|Any CPU
		{0D866D87-FA06-4CF1-81BD-C35D6D021509}.Release|iPhone.Build.0 = Release|Any CPU
		{0D866D87-FA06-4CF1-81BD-C35D6D021509}.Release|iPhoneSimulator.ActiveCfg = Release|Any CPU
		{0D866D87-FA06-4CF1-81BD-C35D6D021509}.Release|iPhoneSimulator.Build.0 = Release|Any CPU
		{0D866D87-FA06-4CF1-81BD-C35D6D021509}.Release|x64.ActiveCfg = Release|Any CPU
		{0D866D87-FA06-4CF1-81BD-C35D6D021509}.Release|x64.Build.0 = Release|Any CPU
		{0D866D87-FA06-4CF1-81BD-C35D6D021509}.Release|x86.ActiveCfg = Release|Any CPU
		{0D866D87-FA06-4CF1-81BD-C35D6D021509}.Release|x86.Build.0 = Release|Any CPU
		{E51C25B7-6E92-46BC-B74E-99A902D68531}.Debug|Any CPU.ActiveCfg = Debug|Any CPU
		{E51C25B7-6E92-46BC-B74E-99A902D68531}.Debug|Any CPU.Build.0 = Debug|Any CPU
		{E51C25B7-6E92-46BC-B74E-99A902D68531}.Debug|ARM.ActiveCfg = Debug|Any CPU
		{E51C25B7-6E92-46BC-B74E-99A902D68531}.Debug|ARM.Build.0 = Debug|Any CPU
		{E51C25B7-6E92-46BC-B74E-99A902D68531}.Debug|iPhone.ActiveCfg = Debug|Any CPU
		{E51C25B7-6E92-46BC-B74E-99A902D68531}.Debug|iPhone.Build.0 = Debug|Any CPU
		{E51C25B7-6E92-46BC-B74E-99A902D68531}.Debug|iPhoneSimulator.ActiveCfg = Debug|Any CPU
		{E51C25B7-6E92-46BC-B74E-99A902D68531}.Debug|iPhoneSimulator.Build.0 = Debug|Any CPU
		{E51C25B7-6E92-46BC-B74E-99A902D68531}.Debug|x64.ActiveCfg = Debug|Any CPU
		{E51C25B7-6E92-46BC-B74E-99A902D68531}.Debug|x64.Build.0 = Debug|Any CPU
		{E51C25B7-6E92-46BC-B74E-99A902D68531}.Debug|x86.ActiveCfg = Debug|Any CPU
		{E51C25B7-6E92-46BC-B74E-99A902D68531}.Debug|x86.Build.0 = Debug|Any CPU
		{E51C25B7-6E92-46BC-B74E-99A902D68531}.Release|Any CPU.ActiveCfg = Release|Any CPU
		{E51C25B7-6E92-46BC-B74E-99A902D68531}.Release|Any CPU.Build.0 = Release|Any CPU
		{E51C25B7-6E92-46BC-B74E-99A902D68531}.Release|ARM.ActiveCfg = Release|Any CPU
		{E51C25B7-6E92-46BC-B74E-99A902D68531}.Release|ARM.Build.0 = Release|Any CPU
		{E51C25B7-6E92-46BC-B74E-99A902D68531}.Release|iPhone.ActiveCfg = Release|Any CPU
		{E51C25B7-6E92-46BC-B74E-99A902D68531}.Release|iPhone.Build.0 = Release|Any CPU
		{E51C25B7-6E92-46BC-B74E-99A902D68531}.Release|iPhoneSimulator.ActiveCfg = Release|Any CPU
		{E51C25B7-6E92-46BC-B74E-99A902D68531}.Release|iPhoneSimulator.Build.0 = Release|Any CPU
		{E51C25B7-6E92-46BC-B74E-99A902D68531}.Release|x64.ActiveCfg = Release|Any CPU
		{E51C25B7-6E92-46BC-B74E-99A902D68531}.Release|x64.Build.0 = Release|Any CPU
		{E51C25B7-6E92-46BC-B74E-99A902D68531}.Release|x86.ActiveCfg = Release|Any CPU
		{E51C25B7-6E92-46BC-B74E-99A902D68531}.Release|x86.Build.0 = Release|Any CPU
	EndGlobalSection
	GlobalSection(SolutionProperties) = preSolution
		HideSolutionNode = FALSE
	EndGlobalSection
	GlobalSection(ExtensibilityGlobals) = postSolution
		SolutionGuid = {E4B3D205-16C4-4AC2-B92A-661E296BA7AB}
	EndGlobalSection
EndGlobal
